
Microsoft Visual Studio Solution File, Format Version 12.00
# Visual Studio Version 16
VisualStudioVersion = 16.0.34601.136
MinimumVisualStudioVersion = 10.0.40219.1
Project("{159641D6-6404-4A2A-AE62-294DE0FE8301}") = "Uczelnia_2024", "Uczelnia_2024\Uczelnia_2024.dtproj", "{CF90DE93-FBE9-46D7-BFB6-DB4418A09BDD}"
EndProject
Global
	GlobalSection(SolutionConfigurationPlatforms) = preSolution
		Development|Default = Development|Default
	EndGlobalSection
	GlobalSection(ProjectConfigurationPlatforms) = postSolution
		{CF90DE93-FBE9-46D7-BFB6-DB4418A09BDD}.Development|Default.ActiveCfg = Development
		{CF90DE93-FBE9-46D7-BFB6-DB4418A09BDD}.Development|Default.Build.0 = Development
	EndGlobalSection
	GlobalSection(SolutionProperties) = preSolution
		HideSolutionNode = FALSE
	EndGlobalSection
	GlobalSection(ExtensibilityGlobals) = postSolution
		SolutionGuid = {50E918F5-E22D-4554-B170-60AD284145A9}
	EndGlobalSection
EndGlobal
